
Microsoft Visual Studio Solution File, Format Version 12.00
# Visual Studio Version 17
VisualStudioVersion = 17.14.36414.22 d17.14
MinimumVisualStudioVersion = 10.0.40219.1
Project("{FAE04EC0-301F-11D3-BF4B-00C04F79EFBC}") = "lab3", "lab3\lab3.csproj", "{3995FB73-2FEF-4DF2-BFDA-63BCA7711848}"
EndProject
Global
	GlobalSection(SolutionConfigurationPlatforms) = preSolution
		Debug|Any CPU = Debug|Any CPU
		Release|Any CPU = Release|Any CPU
	EndGlobalSection
	GlobalSection(ProjectConfigurationPlatforms) = postSolution
		{3995FB73-2FEF-4DF2-BFDA-63BCA7711848}.Debug|Any CPU.ActiveCfg = Debug|Any CPU
		{3995FB73-2FEF-4DF2-BFDA-63BCA7711848}.Debug|Any CPU.Build.0 = Debug|Any CPU
		{3995FB73-2FEF-4DF2-BFDA-63BCA7711848}.Release|Any CPU.ActiveCfg = Release|Any CPU
		{3995FB73-2FEF-4DF2-BFDA-63BCA7711848}.Release|Any CPU.Build.0 = Release|Any CPU
	EndGlobalSection
	GlobalSection(SolutionProperties) = preSolution
		HideSolutionNode = FALSE
	EndGlobalSection
	GlobalSection(ExtensibilityGlobals) = postSolution
		SolutionGuid = {C681AF1B-4AD4-45B7-BF27-DF7BA7958304}
	EndGlobalSection
EndGlobal
